
Microsoft Visual Studio Solution File, Format Version 12.00
# Visual Studio 2012
Project("{2150E333-8FDC-42A3-9474-1A3956D46DE8}") = "DAL", "DAL", "{F4ABF337-1A78-4BFC-9D75-E18340DBF775}"
EndProject
Project("{2150E333-8FDC-42A3-9474-1A3956D46DE8}") = "BLL", "BLL", "{2C4FFD25-BDD8-4F81-8FB2-E7DD6B689334}"
EndProject
Project("{2150E333-8FDC-42A3-9474-1A3956D46DE8}") = "WebUI", "WebUI", "{F34EFEC0-0324-4151-82F9-26D608AF989F}"
EndProject
Project("{FAE04EC0-301F-11D3-BF4B-00C04F79EFBC}") = "Rental.Data", "Rental.Data\Rental.Data.csproj", "{279BF9B2-BB44-422F-BFDE-2C8DAA6CCC87}"
EndProject
Project("{FAE04EC0-301F-11D3-BF4B-00C04F79EFBC}") = "Rental.Domain", "Rental.Domain\Rental.Domain.csproj", "{A52743DA-FD94-49C5-A61A-355805EEB12E}"
EndProject
Project("{FAE04EC0-301F-11D3-BF4B-00C04F79EFBC}") = "Rental.Services", "Rental.Services\Rental.Services.csproj", "{E247B2EA-E842-4DFB-9B94-E9E99A28E1ED}"
EndProject
Project("{FAE04EC0-301F-11D3-BF4B-00C04F79EFBC}") = "Rental.WebUI", "Rental.WebUI\Rental.WebUI.csproj", "{40AE07B8-5CE9-4D86-BBC9-A19B66DF2E5E}"
EndProject
Project("{2150E333-8FDC-42A3-9474-1A3956D46DE8}") = ".nuget", ".nuget", "{903ADA5A-06D1-4529-8B6A-C612265D9A66}"
	ProjectSection(SolutionItems) = preProject
		.nuget\NuGet.Config = .nuget\NuGet.Config
		.nuget\NuGet.exe = .nuget\NuGet.exe
		.nuget\NuGet.targets = .nuget\NuGet.targets
	EndProjectSection
EndProject
Global
	GlobalSection(SolutionConfigurationPlatforms) = preSolution
		Debug|Any CPU = Debug|Any CPU
		Release|Any CPU = Release|Any CPU
	EndGlobalSection
	GlobalSection(ProjectConfigurationPlatforms) = postSolution
		{279BF9B2-BB44-422F-BFDE-2C8DAA6CCC87}.Debug|Any CPU.ActiveCfg = Debug|Any CPU
		{279BF9B2-BB44-422F-BFDE-2C8DAA6CCC87}.Debug|Any CPU.Build.0 = Debug|Any CPU
		{279BF9B2-BB44-422F-BFDE-2C8DAA6CCC87}.Release|Any CPU.ActiveCfg = Release|Any CPU
		{279BF9B2-BB44-422F-BFDE-2C8DAA6CCC87}.Release|Any CPU.Build.0 = Release|Any CPU
		{A52743DA-FD94-49C5-A61A-355805EEB12E}.Debug|Any CPU.ActiveCfg = Debug|Any CPU
		{A52743DA-FD94-49C5-A61A-355805EEB12E}.Debug|Any CPU.Build.0 = Debug|Any CPU
		{A52743DA-FD94-49C5-A61A-355805EEB12E}.Release|Any CPU.ActiveCfg = Release|Any CPU
		{A52743DA-FD94-49C5-A61A-355805EEB12E}.Release|Any CPU.Build.0 = Release|Any CPU
		{E247B2EA-E842-4DFB-9B94-E9E99A28E1ED}.Debug|Any CPU.ActiveCfg = Debug|Any CPU
		{E247B2EA-E842-4DFB-9B94-E9E99A28E1ED}.Debug|Any CPU.Build.0 = Debug|Any CPU
		{E247B2EA-E842-4DFB-9B94-E9E99A28E1ED}.Release|Any CPU.ActiveCfg = Release|Any CPU
		{E247B2EA-E842-4DFB-9B94-E9E99A28E1ED}.Release|Any CPU.Build.0 = Release|Any CPU
		{40AE07B8-5CE9-4D86-BBC9-A19B66DF2E5E}.Debug|Any CPU.ActiveCfg = Debug|Any CPU
		{40AE07B8-5CE9-4D86-BBC9-A19B66DF2E5E}.Debug|Any CPU.Build.0 = Debug|Any CPU
		{40AE07B8-5CE9-4D86-BBC9-A19B66DF2E5E}.Release|Any CPU.ActiveCfg = Release|Any CPU
		{40AE07B8-5CE9-4D86-BBC9-A19B66DF2E5E}.Release|Any CPU.Build.0 = Release|Any CPU
	EndGlobalSection
	GlobalSection(SolutionProperties) = preSolution
		HideSolutionNode = FALSE
	EndGlobalSection
	GlobalSection(NestedProjects) = preSolution
		{279BF9B2-BB44-422F-BFDE-2C8DAA6CCC87} = {F4ABF337-1A78-4BFC-9D75-E18340DBF775}
		{A52743DA-FD94-49C5-A61A-355805EEB12E} = {2C4FFD25-BDD8-4F81-8FB2-E7DD6B689334}
		{E247B2EA-E842-4DFB-9B94-E9E99A28E1ED} = {2C4FFD25-BDD8-4F81-8FB2-E7DD6B689334}
		{40AE07B8-5CE9-4D86-BBC9-A19B66DF2E5E} = {F34EFEC0-0324-4151-82F9-26D608AF989F}
	EndGlobalSection
EndGlobal
