
Microsoft Visual Studio Solution File, Format Version 12.00
# Visual Studio 2012
Project("{2150E333-8FDC-42A3-9474-1A3956D46DE8}") = "DAL", "DAL", "{F4ABF337-1A78-4BFC-9D75-E18340DBF775}"
EndProject
Project("{2150E333-8FDC-42A3-9474-1A3956D46DE8}") = "WebUI", "WebUI", "{F34EFEC0-0324-4151-82F9-26D608AF989F}"
EndProject
Project("{FAE04EC0-301F-11D3-BF4B-00C04F79EFBC}") = "Rental.Data", "Rental.Data\Rental.Data.csproj", "{279BF9B2-BB44-422F-BFDE-2C8DAA6CCC87}"
EndProject
Project("{2150E333-8FDC-42A3-9474-1A3956D46DE8}") = ".nuget", ".nuget", "{903ADA5A-06D1-4529-8B6A-C612265D9A66}"
	ProjectSection(SolutionItems) = preProject
		.nuget\NuGet.Config = .nuget\NuGet.Config
		.nuget\NuGet.exe = .nuget\NuGet.exe
		.nuget\NuGet.targets = .nuget\NuGet.targets
	EndProjectSection
EndProject
Project("{FAE04EC0-301F-11D3-BF4B-00C04F79EFBC}") = "Rental.Interfaces", "Rental.Interfaces\Rental.Interfaces.csproj", "{D34A453D-721A-4F31-9435-88C455F73517}"
EndProject
Project("{FAE04EC0-301F-11D3-BF4B-00C04F79EFBC}") = "Rental.Models", "Rental.Models\Rental.Models.csproj", "{136EBEC6-6AD5-4E59-AA79-33538EACF45E}"
EndProject
Project("{FAE04EC0-301F-11D3-BF4B-00C04F79EFBC}") = "Rental.Repositories", "Rental.Repositories\Rental.Repositories.csproj", "{2C6055B3-5FB9-4251-9F75-28C3C6BC5A10}"
EndProject
Project("{2150E333-8FDC-42A3-9474-1A3956D46DE8}") = "BLL", "BLL", "{4CDCFDF8-FE8F-48E1-BD13-936B9D976BE3}"
EndProject
Project("{FAE04EC0-301F-11D3-BF4B-00C04F79EFBC}") = "Rental.Services", "Rental.Services\Rental.Services.csproj", "{E247B2EA-E842-4DFB-9B94-E9E99A28E1ED}"
EndProject
Project("{FAE04EC0-301F-11D3-BF4B-00C04F79EFBC}") = "Rental.Common", "Rental.Common\Rental.Common.csproj", "{A52743DA-FD94-49C5-A61A-355805EEB12E}"
EndProject
Project("{FAE04EC0-301F-11D3-BF4B-00C04F79EFBC}") = "Rental.WebUI", "Rental.WebUI\Rental.WebUI.csproj", "{338CB864-D6B6-48F9-89FE-CAA1BC131FCA}"
EndProject
Project("{FAE04EC0-301F-11D3-BF4B-00C04F79EFBC}") = "Rental.Domain", "Rental.Domain\Rental.Domain.csproj", "{6CCC89A6-361E-4E35-999E-E8351FB2EE35}"
EndProject
Project("{2150E333-8FDC-42A3-9474-1A3956D46DE8}") = "Infrastructure", "Infrastructure", "{66BB37FE-3E5D-4BA1-97A8-497566B8925D}"
EndProject
Project("{FAE04EC0-301F-11D3-BF4B-00C04F79EFBC}") = "Rental.IoC", "Rental.IoC\Rental.IoC.csproj", "{7036F0BA-576F-404C-AD02-AEF0FEBD07E3}"
EndProject
Project("{FAE04EC0-301F-11D3-BF4B-00C04F79EFBC}") = "Rental.ObjectMapper", "Rental.ObjectMapper\Rental.ObjectMapper.csproj", "{AD3D77FE-90A9-4FBD-989D-93617FB2E2D4}"
EndProject
Global
	GlobalSection(SolutionConfigurationPlatforms) = preSolution
		Debug|Any CPU = Debug|Any CPU
		Release|Any CPU = Release|Any CPU
	EndGlobalSection
	GlobalSection(ProjectConfigurationPlatforms) = postSolution
		{279BF9B2-BB44-422F-BFDE-2C8DAA6CCC87}.Debug|Any CPU.ActiveCfg = Debug|Any CPU
		{279BF9B2-BB44-422F-BFDE-2C8DAA6CCC87}.Debug|Any CPU.Build.0 = Debug|Any CPU
		{279BF9B2-BB44-422F-BFDE-2C8DAA6CCC87}.Release|Any CPU.ActiveCfg = Release|Any CPU
		{279BF9B2-BB44-422F-BFDE-2C8DAA6CCC87}.Release|Any CPU.Build.0 = Release|Any CPU
		{D34A453D-721A-4F31-9435-88C455F73517}.Debug|Any CPU.ActiveCfg = Debug|Any CPU
		{D34A453D-721A-4F31-9435-88C455F73517}.Debug|Any CPU.Build.0 = Debug|Any CPU
		{D34A453D-721A-4F31-9435-88C455F73517}.Release|Any CPU.ActiveCfg = Release|Any CPU
		{D34A453D-721A-4F31-9435-88C455F73517}.Release|Any CPU.Build.0 = Release|Any CPU
		{136EBEC6-6AD5-4E59-AA79-33538EACF45E}.Debug|Any CPU.ActiveCfg = Debug|Any CPU
		{136EBEC6-6AD5-4E59-AA79-33538EACF45E}.Debug|Any CPU.Build.0 = Debug|Any CPU
		{136EBEC6-6AD5-4E59-AA79-33538EACF45E}.Release|Any CPU.ActiveCfg = Release|Any CPU
		{136EBEC6-6AD5-4E59-AA79-33538EACF45E}.Release|Any CPU.Build.0 = Release|Any CPU
		{2C6055B3-5FB9-4251-9F75-28C3C6BC5A10}.Debug|Any CPU.ActiveCfg = Debug|Any CPU
		{2C6055B3-5FB9-4251-9F75-28C3C6BC5A10}.Debug|Any CPU.Build.0 = Debug|Any CPU
		{2C6055B3-5FB9-4251-9F75-28C3C6BC5A10}.Release|Any CPU.ActiveCfg = Release|Any CPU
		{2C6055B3-5FB9-4251-9F75-28C3C6BC5A10}.Release|Any CPU.Build.0 = Release|Any CPU
		{E247B2EA-E842-4DFB-9B94-E9E99A28E1ED}.Debug|Any CPU.ActiveCfg = Debug|Any CPU
		{E247B2EA-E842-4DFB-9B94-E9E99A28E1ED}.Debug|Any CPU.Build.0 = Debug|Any CPU
		{E247B2EA-E842-4DFB-9B94-E9E99A28E1ED}.Release|Any CPU.ActiveCfg = Release|Any CPU
		{E247B2EA-E842-4DFB-9B94-E9E99A28E1ED}.Release|Any CPU.Build.0 = Release|Any CPU
		{A52743DA-FD94-49C5-A61A-355805EEB12E}.Debug|Any CPU.ActiveCfg = Debug|Any CPU
		{A52743DA-FD94-49C5-A61A-355805EEB12E}.Debug|Any CPU.Build.0 = Debug|Any CPU
		{A52743DA-FD94-49C5-A61A-355805EEB12E}.Release|Any CPU.ActiveCfg = Release|Any CPU
		{A52743DA-FD94-49C5-A61A-355805EEB12E}.Release|Any CPU.Build.0 = Release|Any CPU
		{338CB864-D6B6-48F9-89FE-CAA1BC131FCA}.Debug|Any CPU.ActiveCfg = Debug|Any CPU
		{338CB864-D6B6-48F9-89FE-CAA1BC131FCA}.Debug|Any CPU.Build.0 = Debug|Any CPU
		{338CB864-D6B6-48F9-89FE-CAA1BC131FCA}.Release|Any CPU.ActiveCfg = Release|Any CPU
		{338CB864-D6B6-48F9-89FE-CAA1BC131FCA}.Release|Any CPU.Build.0 = Release|Any CPU
		{6CCC89A6-361E-4E35-999E-E8351FB2EE35}.Debug|Any CPU.ActiveCfg = Debug|Any CPU
		{6CCC89A6-361E-4E35-999E-E8351FB2EE35}.Debug|Any CPU.Build.0 = Debug|Any CPU
		{6CCC89A6-361E-4E35-999E-E8351FB2EE35}.Release|Any CPU.ActiveCfg = Release|Any CPU
		{6CCC89A6-361E-4E35-999E-E8351FB2EE35}.Release|Any CPU.Build.0 = Release|Any CPU
		{7036F0BA-576F-404C-AD02-AEF0FEBD07E3}.Debug|Any CPU.ActiveCfg = Debug|Any CPU
		{7036F0BA-576F-404C-AD02-AEF0FEBD07E3}.Debug|Any CPU.Build.0 = Debug|Any CPU
		{7036F0BA-576F-404C-AD02-AEF0FEBD07E3}.Release|Any CPU.ActiveCfg = Release|Any CPU
		{7036F0BA-576F-404C-AD02-AEF0FEBD07E3}.Release|Any CPU.Build.0 = Release|Any CPU
		{AD3D77FE-90A9-4FBD-989D-93617FB2E2D4}.Debug|Any CPU.ActiveCfg = Debug|Any CPU
		{AD3D77FE-90A9-4FBD-989D-93617FB2E2D4}.Debug|Any CPU.Build.0 = Debug|Any CPU
		{AD3D77FE-90A9-4FBD-989D-93617FB2E2D4}.Release|Any CPU.ActiveCfg = Release|Any CPU
		{AD3D77FE-90A9-4FBD-989D-93617FB2E2D4}.Release|Any CPU.Build.0 = Release|Any CPU
	EndGlobalSection
	GlobalSection(SolutionProperties) = preSolution
		HideSolutionNode = FALSE
	EndGlobalSection
	GlobalSection(NestedProjects) = preSolution
		{279BF9B2-BB44-422F-BFDE-2C8DAA6CCC87} = {F4ABF337-1A78-4BFC-9D75-E18340DBF775}
		{D34A453D-721A-4F31-9435-88C455F73517} = {F4ABF337-1A78-4BFC-9D75-E18340DBF775}
		{136EBEC6-6AD5-4E59-AA79-33538EACF45E} = {F4ABF337-1A78-4BFC-9D75-E18340DBF775}
		{2C6055B3-5FB9-4251-9F75-28C3C6BC5A10} = {F4ABF337-1A78-4BFC-9D75-E18340DBF775}
		{338CB864-D6B6-48F9-89FE-CAA1BC131FCA} = {F34EFEC0-0324-4151-82F9-26D608AF989F}
		{E247B2EA-E842-4DFB-9B94-E9E99A28E1ED} = {4CDCFDF8-FE8F-48E1-BD13-936B9D976BE3}
		{A52743DA-FD94-49C5-A61A-355805EEB12E} = {4CDCFDF8-FE8F-48E1-BD13-936B9D976BE3}
		{6CCC89A6-361E-4E35-999E-E8351FB2EE35} = {4CDCFDF8-FE8F-48E1-BD13-936B9D976BE3}
		{7036F0BA-576F-404C-AD02-AEF0FEBD07E3} = {66BB37FE-3E5D-4BA1-97A8-497566B8925D}
		{AD3D77FE-90A9-4FBD-989D-93617FB2E2D4} = {66BB37FE-3E5D-4BA1-97A8-497566B8925D}
	EndGlobalSection
EndGlobal
